<?xml version="1.0" encoding="utf-8"?>
<Project ToolsVersion="4.0" xmlns="http://schemas.microsoft.com/developer/msbuild/2003">
  <ItemGroup>
    <Filter Include="Utilities">
      <UniqueIdentifier>{34fa62e4-2843-4e1f-aea6-f3b6e6e3a322}</UniqueIdentifier>
    </Filter>
  </ItemGroup>
  <ItemGroup>
    <ClCompile Include="Core.ixx" />
    <ClCompile Include="Utilities\TypeDefines.ixx" />
    <ClCompile Include="Utilities\RenderDoc\RenderDocPlugin.ixx" />
    <ClCompile Include="Input\Mouse.ixx" />
    <ClCompile Include="Input\Bindings.ixx" />
    <ClCompile Include="Input\Input.ixx" />
    <ClCompile Include="Input\Keyboard.ixx" />
    <ClCompile Include="Math\Math.ixx" />
    <ClCompile Include="Math\Simple\Matrix4.cpp" />
    <ClCompile Include="Math\Simple\Quaternion.cpp" />
    <ClCompile Include="Data\Model.ixx" />
    <ClCompile Include="Utilities\Timer.ixx" />
    <ClCompile Include="Input\Input.cpp" />
  </ItemGroup>
  <ItemGroup>
    <ClInclude Include="Utilities\stb\stb_image.h" />
    <ClInclude Include="Utilities\stb\stb_image_resize.h" />
    <ClInclude Include="Utilities\stb\stb_image_write.h" />
    <ClInclude Include="Utilities\RenderDoc\renderdoc_app.h" />
    <ClInclude Include="Math\Simple\Vector4.h" />
    <ClInclude Include="Math\Simple\CommonOps.h" />
    <ClInclude Include="Math\Simple\Math.h" />
    <ClInclude Include="Math\Simple\Matrix4.h" />
    <ClInclude Include="Math\Simple\Quaternion.h" />
    <ClInclude Include="Math\Simple\Vector2.h" />
    <ClInclude Include="Math\Simple\Vector3.h" />
  </ItemGroup>
</Project>