<?xml version="1.0" encoding="utf-8"?>
<Project ToolsVersion="4.0" xmlns="http://schemas.microsoft.com/developer/msbuild/2003">
  <ItemGroup>
    <Filter Include="WindowSystem">
      <UniqueIdentifier>{94d90c64-62ae-42bb-b8ae-728955277bbf}</UniqueIdentifier>
    </Filter>
    <Filter Include="RenderBackedn">
      <UniqueIdentifier>{7fb59a3e-1b57-41fd-bf2c-312bf2ac5106}</UniqueIdentifier>
    </Filter>
    <Filter Include="RenderBackedn\Vulkan">
      <UniqueIdentifier>{edcaecaf-c6d5-4a61-a860-16482f2f486f}</UniqueIdentifier>
    </Filter>
    <Filter Include="RenderBackedn\RenderAPIBase">
      <UniqueIdentifier>{af5d53b5-a867-4ea6-8512-80c088971ab5}</UniqueIdentifier>
    </Filter>
  </ItemGroup>
  <ItemGroup>
    <ClCompile Include="RenderUtilities\WindowSystem\WindowSystem.ixx">
      <Filter>WindowSystem</Filter>
    </ClCompile>
    <ClCompile Include="RenderUtilities\WindowSystem\WindowSystem_Win32.cpp">
      <Filter>WindowSystem</Filter>
    </ClCompile>
    <ClCompile Include="RenderUtilities\WindowSystem\WindowSystem_Win32.ixx">
      <Filter>WindowSystem</Filter>
    </ClCompile>
    <ClCompile Include="RenderUtilities\WindowSystem\WindowSystem_WindowBase.ixx">
      <Filter>WindowSystem</Filter>
    </ClCompile>
    <ClCompile Include="Renderer\MiddleRenderer.ixx" />
    <ClCompile Include="Renderer\MiddleRenderer.cpp" />
    <ClCompile Include="RenderBackend\Vulkan\VkGraphicsPipeline.ixx" />
    <ClCompile Include="Renderer\RendererBase.ixx" />
    <ClCompile Include="RenderBackend\RenderingBackend.ixx" />
    <ClCompile Include="RenderBackend\Vulkan\VkRenderingBackend.ixx" />
    <ClCompile Include="RenderBackend\Vulkan\VkRenderingBackend.cpp" />
    <ClCompile Include="RenderBackend\Vulkan\VkSurface.ixx" />
    <ClCompile Include="RenderBackend\Vulkan\VkSurface.cpp" />
    <ClCompile Include="RenderBackend\Vulkan\VkCmdBuffer.ixx" />
    <ClCompile Include="RenderBackend\Vulkan\VkCmdBuffer.cpp" />
    <ClCompile Include="RenderBackend\CmdBuffer.ixx" />
    <ClCompile Include="RenderBackend\Vulkan\VkComputePipeline.ixx" />
    <ClCompile Include="RenderBackend\Pipeline.ixx" />
    <ClCompile Include="RenderBackend\Vulkan\VkGraphicsPipeline.cpp" />
    <ClCompile Include="RenderBackend\CommonAbstractionClass.ixx" />
    <ClCompile Include="RenderBackend\RenderResource.ixx" />
    <ClCompile Include="RenderBackend\Vulkan\VkRenderResource.ixx" />
    <ClCompile Include="RenderBackend\RenderResourceManager.ixx" />
    <ClCompile Include="RenderBackend\Vulkan\VkRenderResource.cpp" />
    <ClCompile Include="RenderResources\Mesh.ixx" />
    <ClCompile Include="RenderBackend\Vulkan\VulkanConfigs\VkExtensions.ixx" />
    <ClCompile Include="RenderBackend\Vulkan\VulkanConfigs\VulkanConfig.ixx" />
  </ItemGroup>
</Project>